
Microsoft Visual Studio Solution File, Format Version 12.00
# Visual Studio 15
VisualStudioVersion = 15.0.26730.12
MinimumVisualStudioVersion = 10.0.40219.1
Project("{FAE04EC0-301F-11D3-BF4B-00C04F79EFBC}") = "MVCMovie", "MVCMovie\MVCMovie.csproj", "{658F62B6-7DFF-489F-AE78-AC5D138BF1DC}"
EndProject
Global
	GlobalSection(SolutionConfigurationPlatforms) = preSolution
		Debug|Any CPU = Debug|Any CPU
		Release|Any CPU = Release|Any CPU
	EndGlobalSection
	GlobalSection(ProjectConfigurationPlatforms) = postSolution
		{658F62B6-7DFF-489F-AE78-AC5D138BF1DC}.Debug|Any CPU.ActiveCfg = Debug|Any CPU
		{658F62B6-7DFF-489F-AE78-AC5D138BF1DC}.Debug|Any CPU.Build.0 = Debug|Any CPU
		{658F62B6-7DFF-489F-AE78-AC5D138BF1DC}.Release|Any CPU.ActiveCfg = Release|Any CPU
		{658F62B6-7DFF-489F-AE78-AC5D138BF1DC}.Release|Any CPU.Build.0 = Release|Any CPU
	EndGlobalSection
	GlobalSection(SolutionProperties) = preSolution
		HideSolutionNode = FALSE
	EndGlobalSection
	GlobalSection(ExtensibilityGlobals) = postSolution
		SolutionGuid = {735BF1C2-E2FE-490F-B6C1-0241AF55CFC2}
	EndGlobalSection
EndGlobal
